
Microsoft Visual Studio Solution File, Format Version 12.00
# Visual Studio Version 17
VisualStudioVersion = 17.9.34723.18
MinimumVisualStudioVersion = 10.0.40219.1
Project("{FAE04EC0-301F-11D3-BF4B-00C04F79EFBC}") = "BarcodeScanningNativeMauiLeak", "BarcodeScanningNativeMauiLeak\BarcodeScanningNativeMauiLeak.csproj", "{EE07D7CE-27D8-435F-ADA3-D65CF74090CB}"
EndProject
Global
	GlobalSection(SolutionConfigurationPlatforms) = preSolution
		Debug|Any CPU = Debug|Any CPU
		Release|Any CPU = Release|Any CPU
	EndGlobalSection
	GlobalSection(ProjectConfigurationPlatforms) = postSolution
		{EE07D7CE-27D8-435F-ADA3-D65CF74090CB}.Debug|Any CPU.ActiveCfg = Debug|Any CPU
		{EE07D7CE-27D8-435F-ADA3-D65CF74090CB}.Debug|Any CPU.Build.0 = Debug|Any CPU
		{EE07D7CE-27D8-435F-ADA3-D65CF74090CB}.Debug|Any CPU.Deploy.0 = Debug|Any CPU
		{EE07D7CE-27D8-435F-ADA3-D65CF74090CB}.Release|Any CPU.ActiveCfg = Release|Any CPU
		{EE07D7CE-27D8-435F-ADA3-D65CF74090CB}.Release|Any CPU.Build.0 = Release|Any CPU
		{EE07D7CE-27D8-435F-ADA3-D65CF74090CB}.Release|Any CPU.Deploy.0 = Release|Any CPU
	EndGlobalSection
	GlobalSection(SolutionProperties) = preSolution
		HideSolutionNode = FALSE
	EndGlobalSection
	GlobalSection(ExtensibilityGlobals) = postSolution
		SolutionGuid = {BFA6775F-6E44-44E7-97C2-D5447FE8F5CC}
	EndGlobalSection
EndGlobal
